// !$*UTF8*$!
{
	archiveVersion = 1;
	classes = {
	};
	objectVersion = 46;
	objects = {

/* Begin PBXBuildFile section */
		9347848714F32168009C5703 /* m_student_made_refresh.png in Resources */ = {isa = PBXBuildFile; fileRef = 9347848614F32168009C5703 /* m_student_made_refresh.png */; };
		9347848D14F32624009C5703 /* Icon-72.png in Resources */ = {isa = PBXBuildFile; fileRef = 9347848914F32624009C5703 /* Icon-72.png */; };
		9347848E14F32624009C5703 /* Icon-Small-50.png in Resources */ = {isa = PBXBuildFile; fileRef = 9347848A14F32624009C5703 /* Icon-Small-50.png */; };
		9347848F14F32624009C5703 /* Icon-Small.png in Resources */ = {isa = PBXBuildFile; fileRef = 9347848B14F32624009C5703 /* Icon-Small.png */; };
		9347849014F32624009C5703 /* Icon-Small@2x.png in Resources */ = {isa = PBXBuildFile; fileRef = 9347848C14F32624009C5703 /* Icon-Small@2x.png */; };
		9347849314F32953009C5703 /* Appirater.m in Sources */ = {isa = PBXBuildFile; fileRef = 9347849214F32953009C5703 /* Appirater.m */; settings = {COMPILER_FLAGS = "-fno-objc-arc"; }; };
		9347849514F329CF009C5703 /* CFNetwork.framework in Frameworks */ = {isa = PBXBuildFile; fileRef = 9347849414F329CF009C5703 /* CFNetwork.framework */; };
		9347849714F329D9009C5703 /* SystemConfiguration.framework in Frameworks */ = {isa = PBXBuildFile; fileRef = 9347849614F329D8009C5703 /* SystemConfiguration.framework */; };
		93BBAB6B14E83AC000B19049 /* DZCSubLabsViewController.m in Sources */ = {isa = PBXBuildFile; fileRef = 93BBAB6A14E83AC000B19049 /* DZCSubLabsViewController.m */; };
		93BBAB7114E8493300B19049 /* PullRefreshTableViewController.m in Sources */ = {isa = PBXBuildFile; fileRef = 93BBAB7014E8493300B19049 /* PullRefreshTableViewController.m */; settings = {COMPILER_FLAGS = "-fno-objc-arc"; }; };
		93BBAB7314E84A1700B19049 /* QuartzCore.framework in Frameworks */ = {isa = PBXBuildFile; fileRef = 93BBAB7214E84A1700B19049 /* QuartzCore.framework */; };
		93BBAB8514E8646800B19049 /* Icon.png in Resources */ = {isa = PBXBuildFile; fileRef = 93BBAB8414E8646800B19049 /* Icon.png */; };
		93BBAB8714E8647000B19049 /* Icon@2x.png in Resources */ = {isa = PBXBuildFile; fileRef = 93BBAB8614E8647000B19049 /* Icon@2x.png */; };
		93D9F66414D3997600AD2152 /* UIKit.framework in Frameworks */ = {isa = PBXBuildFile; fileRef = 93D9F66314D3997600AD2152 /* UIKit.framework */; };
		93D9F66614D3997600AD2152 /* Foundation.framework in Frameworks */ = {isa = PBXBuildFile; fileRef = 93D9F66514D3997600AD2152 /* Foundation.framework */; };
		93D9F66814D3997600AD2152 /* CoreGraphics.framework in Frameworks */ = {isa = PBXBuildFile; fileRef = 93D9F66714D3997600AD2152 /* CoreGraphics.framework */; };
		93D9F66E14D3997600AD2152 /* InfoPlist.strings in Resources */ = {isa = PBXBuildFile; fileRef = 93D9F66C14D3997600AD2152 /* InfoPlist.strings */; };
		93D9F67014D3997600AD2152 /* main.m in Sources */ = {isa = PBXBuildFile; fileRef = 93D9F66F14D3997600AD2152 /* main.m */; };
		93D9F67414D3997600AD2152 /* DZCAppDelegate.m in Sources */ = {isa = PBXBuildFile; fileRef = 93D9F67314D3997600AD2152 /* DZCAppDelegate.m */; };
		93D9F68714D39C2500AD2152 /* DZCLabsViewController.m in Sources */ = {isa = PBXBuildFile; fileRef = 93D9F68614D39C2500AD2152 /* DZCLabsViewController.m */; };
		93D9F68E14D3D5DA00AD2152 /* DZCTableViewCellOpenLab.xib in Resources */ = {isa = PBXBuildFile; fileRef = 93D9F68D14D3D5DA00AD2152 /* DZCTableViewCellOpenLab.xib */; };
		93D9F69114D3DEAA00AD2152 /* DZCTableViewCellOpenLab.m in Sources */ = {isa = PBXBuildFile; fileRef = 93D9F69014D3DEAA00AD2152 /* DZCTableViewCellOpenLab.m */; };
		93D9F69314D3E14D00AD2152 /* DZCTableViewCellClosedLab.xib in Resources */ = {isa = PBXBuildFile; fileRef = 93D9F69214D3E14D00AD2152 /* DZCTableViewCellClosedLab.xib */; };
		93D9F69614D3E16500AD2152 /* DZCTableViewCellClosedLab.m in Sources */ = {isa = PBXBuildFile; fileRef = 93D9F69514D3E16500AD2152 /* DZCTableViewCellClosedLab.m */; };
		93D9F69914D4827700AD2152 /* DZCDataController.m in Sources */ = {isa = PBXBuildFile; fileRef = 93D9F69814D4827700AD2152 /* DZCDataController.m */; };
		93D9F69C14D483E400AD2152 /* DZCLab.m in Sources */ = {isa = PBXBuildFile; fileRef = 93D9F69B14D483E400AD2152 /* DZCLab.m */; settings = {COMPILER_FLAGS = "-fno-objc-arc"; }; };
		93D9F6B414D48B1400AD2152 /* AFHTTPClient.m in Sources */ = {isa = PBXBuildFile; fileRef = 93D9F6A014D48B1400AD2152 /* AFHTTPClient.m */; settings = {COMPILER_FLAGS = "-fno-objc-arc"; }; };
		93D9F6B514D48B1400AD2152 /* AFHTTPRequestOperation.m in Sources */ = {isa = PBXBuildFile; fileRef = 93D9F6A214D48B1400AD2152 /* AFHTTPRequestOperation.m */; settings = {COMPILER_FLAGS = "-fno-objc-arc"; }; };
		93D9F6B614D48B1400AD2152 /* AFImageRequestOperation.m in Sources */ = {isa = PBXBuildFile; fileRef = 93D9F6A414D48B1400AD2152 /* AFImageRequestOperation.m */; settings = {COMPILER_FLAGS = "-fno-objc-arc"; }; };
		93D9F6B714D48B1400AD2152 /* AFJSONRequestOperation.m in Sources */ = {isa = PBXBuildFile; fileRef = 93D9F6A614D48B1400AD2152 /* AFJSONRequestOperation.m */; settings = {COMPILER_FLAGS = "-fno-objc-arc"; }; };
		93D9F6B814D48B1400AD2152 /* AFJSONUtilities.m in Sources */ = {isa = PBXBuildFile; fileRef = 93D9F6A814D48B1400AD2152 /* AFJSONUtilities.m */; settings = {COMPILER_FLAGS = "-fno-objc-arc"; }; };
		93D9F6B914D48B1400AD2152 /* AFNetworkActivityIndicatorManager.m in Sources */ = {isa = PBXBuildFile; fileRef = 93D9F6AA14D48B1400AD2152 /* AFNetworkActivityIndicatorManager.m */; settings = {COMPILER_FLAGS = "-fno-objc-arc"; }; };
		93D9F6BA14D48B1400AD2152 /* AFPropertyListRequestOperation.m in Sources */ = {isa = PBXBuildFile; fileRef = 93D9F6AD14D48B1400AD2152 /* AFPropertyListRequestOperation.m */; settings = {COMPILER_FLAGS = "-fno-objc-arc"; }; };
		93D9F6BB14D48B1400AD2152 /* AFURLConnectionOperation.m in Sources */ = {isa = PBXBuildFile; fileRef = 93D9F6AF14D48B1400AD2152 /* AFURLConnectionOperation.m */; settings = {COMPILER_FLAGS = "-fno-objc-arc"; }; };
		93D9F6BC14D48B1400AD2152 /* AFXMLRequestOperation.m in Sources */ = {isa = PBXBuildFile; fileRef = 93D9F6B114D48B1400AD2152 /* AFXMLRequestOperation.m */; settings = {COMPILER_FLAGS = "-fno-objc-arc"; }; };
		93D9F6BD14D48B1400AD2152 /* UIImageView+AFNetworking.m in Sources */ = {isa = PBXBuildFile; fileRef = 93D9F6B314D48B1400AD2152 /* UIImageView+AFNetworking.m */; settings = {COMPILER_FLAGS = "-fno-objc-arc"; }; };
		93D9F6C114D4904B00AD2152 /* DZCLabStatusApiClient.m in Sources */ = {isa = PBXBuildFile; fileRef = 93D9F6C014D4904B00AD2152 /* DZCLabStatusApiClient.m */; };
		93D9F6C414D5081F00AD2152 /* DZCHostInfoApiClient.m in Sources */ = {isa = PBXBuildFile; fileRef = 93D9F6C314D5081F00AD2152 /* DZCHostInfoApiClient.m */; };
		93E80C5814D78812008850FE /* DZCLabStatusHelper.m in Sources */ = {isa = PBXBuildFile; fileRef = 93E80C5714D78812008850FE /* DZCLabStatusHelper.m */; };
		93E80C5C14D797F5008850FE /* DZCAboutViewController.m in Sources */ = {isa = PBXBuildFile; fileRef = 93E80C5A14D797F5008850FE /* DZCAboutViewController.m */; };
		93E80C5D14D797F5008850FE /* DZCAboutViewController.xib in Resources */ = {isa = PBXBuildFile; fileRef = 93E80C5B14D797F5008850FE /* DZCAboutViewController.xib */; };
		93FDA8C214D9FE1A00787F8C /* 247-InfoCircle.png in Resources */ = {isa = PBXBuildFile; fileRef = 93FDA8C014D9FE1A00787F8C /* 247-InfoCircle.png */; };
		93FDA8C314D9FE1A00787F8C /* 247-InfoCircle@2x.png in Resources */ = {isa = PBXBuildFile; fileRef = 93FDA8C114D9FE1A00787F8C /* 247-InfoCircle@2x.png */; };
/* End PBXBuildFile section */

/* Begin PBXFileReference section */
		9347848614F32168009C5703 /* m_student_made_refresh.png */ = {isa = PBXFileReference; lastKnownFileType = image.png; path = m_student_made_refresh.png; sourceTree = "<group>"; };
		9347848914F32624009C5703 /* Icon-72.png */ = {isa = PBXFileReference; lastKnownFileType = image.png; path = "Icon-72.png"; sourceTree = "<group>"; };
		9347848A14F32624009C5703 /* Icon-Small-50.png */ = {isa = PBXFileReference; lastKnownFileType = image.png; path = "Icon-Small-50.png"; sourceTree = "<group>"; };
		9347848B14F32624009C5703 /* Icon-Small.png */ = {isa = PBXFileReference; lastKnownFileType = image.png; path = "Icon-Small.png"; sourceTree = "<group>"; };
		9347848C14F32624009C5703 /* Icon-Small@2x.png */ = {isa = PBXFileReference; lastKnownFileType = image.png; path = "Icon-Small@2x.png"; sourceTree = "<group>"; };
		9347849114F32953009C5703 /* Appirater.h */ = {isa = PBXFileReference; fileEncoding = 4; lastKnownFileType = sourcecode.c.h; path = Appirater.h; sourceTree = "<group>"; };
		9347849214F32953009C5703 /* Appirater.m */ = {isa = PBXFileReference; fileEncoding = 4; lastKnownFileType = sourcecode.c.objc; path = Appirater.m; sourceTree = "<group>"; };
		9347849414F329CF009C5703 /* CFNetwork.framework */ = {isa = PBXFileReference; lastKnownFileType = wrapper.framework; name = CFNetwork.framework; path = System/Library/Frameworks/CFNetwork.framework; sourceTree = SDKROOT; };
		9347849614F329D8009C5703 /* SystemConfiguration.framework */ = {isa = PBXFileReference; lastKnownFileType = wrapper.framework; name = SystemConfiguration.framework; path = System/Library/Frameworks/SystemConfiguration.framework; sourceTree = SDKROOT; };
		93BBAB6914E83AC000B19049 /* DZCSubLabsViewController.h */ = {isa = PBXFileReference; fileEncoding = 4; lastKnownFileType = sourcecode.c.h; path = DZCSubLabsViewController.h; sourceTree = "<group>"; };
		93BBAB6A14E83AC000B19049 /* DZCSubLabsViewController.m */ = {isa = PBXFileReference; fileEncoding = 4; lastKnownFileType = sourcecode.c.objc; path = DZCSubLabsViewController.m; sourceTree = "<group>"; };
		93BBAB6F14E8493200B19049 /* PullRefreshTableViewController.h */ = {isa = PBXFileReference; fileEncoding = 4; lastKnownFileType = sourcecode.c.h; path = PullRefreshTableViewController.h; sourceTree = "<group>"; };
		93BBAB7014E8493300B19049 /* PullRefreshTableViewController.m */ = {isa = PBXFileReference; fileEncoding = 4; lastKnownFileType = sourcecode.c.objc; path = PullRefreshTableViewController.m; sourceTree = "<group>"; };
		93BBAB7214E84A1700B19049 /* QuartzCore.framework */ = {isa = PBXFileReference; lastKnownFileType = wrapper.framework; name = QuartzCore.framework; path = System/Library/Frameworks/QuartzCore.framework; sourceTree = SDKROOT; };
		93BBAB8414E8646800B19049 /* Icon.png */ = {isa = PBXFileReference; lastKnownFileType = image.png; path = Icon.png; sourceTree = "<group>"; };
		93BBAB8614E8647000B19049 /* Icon@2x.png */ = {isa = PBXFileReference; lastKnownFileType = image.png; path = "Icon@2x.png"; sourceTree = "<group>"; };
		93D9F65F14D3997600AD2152 /* CAENLabStatus.app */ = {isa = PBXFileReference; explicitFileType = wrapper.application; includeInIndex = 0; path = CAENLabStatus.app; sourceTree = BUILT_PRODUCTS_DIR; };
		93D9F66314D3997600AD2152 /* UIKit.framework */ = {isa = PBXFileReference; lastKnownFileType = wrapper.framework; name = UIKit.framework; path = System/Library/Frameworks/UIKit.framework; sourceTree = SDKROOT; };
		93D9F66514D3997600AD2152 /* Foundation.framework */ = {isa = PBXFileReference; lastKnownFileType = wrapper.framework; name = Foundation.framework; path = System/Library/Frameworks/Foundation.framework; sourceTree = SDKROOT; };
		93D9F66714D3997600AD2152 /* CoreGraphics.framework */ = {isa = PBXFileReference; lastKnownFileType = wrapper.framework; name = CoreGraphics.framework; path = System/Library/Frameworks/CoreGraphics.framework; sourceTree = SDKROOT; };
		93D9F66B14D3997600AD2152 /* CAENLabStatus-Info.plist */ = {isa = PBXFileReference; lastKnownFileType = text.plist.xml; path = "CAENLabStatus-Info.plist"; sourceTree = "<group>"; };
		93D9F66D14D3997600AD2152 /* en */ = {isa = PBXFileReference; lastKnownFileType = text.plist.strings; name = en; path = en.lproj/InfoPlist.strings; sourceTree = "<group>"; };
		93D9F66F14D3997600AD2152 /* main.m */ = {isa = PBXFileReference; lastKnownFileType = sourcecode.c.objc; path = main.m; sourceTree = "<group>"; };
		93D9F67114D3997600AD2152 /* CAENLabStatus-Prefix.pch */ = {isa = PBXFileReference; lastKnownFileType = sourcecode.c.h; path = "CAENLabStatus-Prefix.pch"; sourceTree = "<group>"; };
		93D9F67214D3997600AD2152 /* DZCAppDelegate.h */ = {isa = PBXFileReference; lastKnownFileType = sourcecode.c.h; path = DZCAppDelegate.h; sourceTree = "<group>"; };
		93D9F67314D3997600AD2152 /* DZCAppDelegate.m */ = {isa = PBXFileReference; lastKnownFileType = sourcecode.c.objc; path = DZCAppDelegate.m; sourceTree = "<group>"; };
		93D9F68514D39C2500AD2152 /* DZCLabsViewController.h */ = {isa = PBXFileReference; fileEncoding = 4; lastKnownFileType = sourcecode.c.h; path = DZCLabsViewController.h; sourceTree = "<group>"; };
		93D9F68614D39C2500AD2152 /* DZCLabsViewController.m */ = {isa = PBXFileReference; fileEncoding = 4; lastKnownFileType = sourcecode.c.objc; path = DZCLabsViewController.m; sourceTree = "<group>"; };
		93D9F68D14D3D5DA00AD2152 /* DZCTableViewCellOpenLab.xib */ = {isa = PBXFileReference; fileEncoding = 4; lastKnownFileType = file.xib; path = DZCTableViewCellOpenLab.xib; sourceTree = "<group>"; };
		93D9F68F14D3DE8900AD2152 /* DZCTableViewCellOpenLab.h */ = {isa = PBXFileReference; fileEncoding = 4; lastKnownFileType = sourcecode.c.h; path = DZCTableViewCellOpenLab.h; sourceTree = "<group>"; };
		93D9F69014D3DEAA00AD2152 /* DZCTableViewCellOpenLab.m */ = {isa = PBXFileReference; fileEncoding = 4; lastKnownFileType = sourcecode.c.objc; path = DZCTableViewCellOpenLab.m; sourceTree = "<group>"; };
		93D9F69214D3E14D00AD2152 /* DZCTableViewCellClosedLab.xib */ = {isa = PBXFileReference; fileEncoding = 4; lastKnownFileType = file.xib; path = DZCTableViewCellClosedLab.xib; sourceTree = "<group>"; };
		93D9F69414D3E16500AD2152 /* DZCTableViewCellClosedLab.h */ = {isa = PBXFileReference; fileEncoding = 4; lastKnownFileType = sourcecode.c.h; path = DZCTableViewCellClosedLab.h; sourceTree = "<group>"; };
		93D9F69514D3E16500AD2152 /* DZCTableViewCellClosedLab.m */ = {isa = PBXFileReference; fileEncoding = 4; lastKnownFileType = sourcecode.c.objc; path = DZCTableViewCellClosedLab.m; sourceTree = "<group>"; };
		93D9F69714D4827700AD2152 /* DZCDataController.h */ = {isa = PBXFileReference; fileEncoding = 4; lastKnownFileType = sourcecode.c.h; path = DZCDataController.h; sourceTree = "<group>"; };
		93D9F69814D4827700AD2152 /* DZCDataController.m */ = {isa = PBXFileReference; fileEncoding = 4; lastKnownFileType = sourcecode.c.objc; path = DZCDataController.m; sourceTree = "<group>"; };
		93D9F69A14D483E400AD2152 /* DZCLab.h */ = {isa = PBXFileReference; fileEncoding = 4; lastKnownFileType = sourcecode.c.h; path = DZCLab.h; sourceTree = "<group>"; };
		93D9F69B14D483E400AD2152 /* DZCLab.m */ = {isa = PBXFileReference; fileEncoding = 4; lastKnownFileType = sourcecode.c.objc; path = DZCLab.m; sourceTree = "<group>"; };
		93D9F69F14D48B1400AD2152 /* AFHTTPClient.h */ = {isa = PBXFileReference; fileEncoding = 4; lastKnownFileType = sourcecode.c.h; path = AFHTTPClient.h; sourceTree = "<group>"; };
		93D9F6A014D48B1400AD2152 /* AFHTTPClient.m */ = {isa = PBXFileReference; fileEncoding = 4; lastKnownFileType = sourcecode.c.objc; path = AFHTTPClient.m; sourceTree = "<group>"; };
		93D9F6A114D48B1400AD2152 /* AFHTTPRequestOperation.h */ = {isa = PBXFileReference; fileEncoding = 4; lastKnownFileType = sourcecode.c.h; path = AFHTTPRequestOperation.h; sourceTree = "<group>"; };
		93D9F6A214D48B1400AD2152 /* AFHTTPRequestOperation.m */ = {isa = PBXFileReference; fileEncoding = 4; lastKnownFileType = sourcecode.c.objc; path = AFHTTPRequestOperation.m; sourceTree = "<group>"; };
		93D9F6A314D48B1400AD2152 /* AFImageRequestOperation.h */ = {isa = PBXFileReference; fileEncoding = 4; lastKnownFileType = sourcecode.c.h; path = AFImageRequestOperation.h; sourceTree = "<group>"; };
		93D9F6A414D48B1400AD2152 /* AFImageRequestOperation.m */ = {isa = PBXFileReference; fileEncoding = 4; lastKnownFileType = sourcecode.c.objc; path = AFImageRequestOperation.m; sourceTree = "<group>"; };
		93D9F6A514D48B1400AD2152 /* AFJSONRequestOperation.h */ = {isa = PBXFileReference; fileEncoding = 4; lastKnownFileType = sourcecode.c.h; path = AFJSONRequestOperation.h; sourceTree = "<group>"; };
		93D9F6A614D48B1400AD2152 /* AFJSONRequestOperation.m */ = {isa = PBXFileReference; fileEncoding = 4; lastKnownFileType = sourcecode.c.objc; path = AFJSONRequestOperation.m; sourceTree = "<group>"; };
		93D9F6A714D48B1400AD2152 /* AFJSONUtilities.h */ = {isa = PBXFileReference; fileEncoding = 4; lastKnownFileType = sourcecode.c.h; path = AFJSONUtilities.h; sourceTree = "<group>"; };
		93D9F6A814D48B1400AD2152 /* AFJSONUtilities.m */ = {isa = PBXFileReference; fileEncoding = 4; lastKnownFileType = sourcecode.c.objc; path = AFJSONUtilities.m; sourceTree = "<group>"; };
		93D9F6A914D48B1400AD2152 /* AFNetworkActivityIndicatorManager.h */ = {isa = PBXFileReference; fileEncoding = 4; lastKnownFileType = sourcecode.c.h; path = AFNetworkActivityIndicatorManager.h; sourceTree = "<group>"; };
		93D9F6AA14D48B1400AD2152 /* AFNetworkActivityIndicatorManager.m */ = {isa = PBXFileReference; fileEncoding = 4; lastKnownFileType = sourcecode.c.objc; path = AFNetworkActivityIndicatorManager.m; sourceTree = "<group>"; };
		93D9F6AB14D48B1400AD2152 /* AFNetworking.h */ = {isa = PBXFileReference; fileEncoding = 4; lastKnownFileType = sourcecode.c.h; path = AFNetworking.h; sourceTree = "<group>"; };
		93D9F6AC14D48B1400AD2152 /* AFPropertyListRequestOperation.h */ = {isa = PBXFileReference; fileEncoding = 4; lastKnownFileType = sourcecode.c.h; path = AFPropertyListRequestOperation.h; sourceTree = "<group>"; };
		93D9F6AD14D48B1400AD2152 /* AFPropertyListRequestOperation.m */ = {isa = PBXFileReference; fileEncoding = 4; lastKnownFileType = sourcecode.c.objc; path = AFPropertyListRequestOperation.m; sourceTree = "<group>"; };
		93D9F6AE14D48B1400AD2152 /* AFURLConnectionOperation.h */ = {isa = PBXFileReference; fileEncoding = 4; lastKnownFileType = sourcecode.c.h; path = AFURLConnectionOperation.h; sourceTree = "<group>"; };
		93D9F6AF14D48B1400AD2152 /* AFURLConnectionOperation.m */ = {isa = PBXFileReference; fileEncoding = 4; lastKnownFileType = sourcecode.c.objc; path = AFURLConnectionOperation.m; sourceTree = "<group>"; };
		93D9F6B014D48B1400AD2152 /* AFXMLRequestOperation.h */ = {isa = PBXFileReference; fileEncoding = 4; lastKnownFileType = sourcecode.c.h; path = AFXMLRequestOperation.h; sourceTree = "<group>"; };
		93D9F6B114D48B1400AD2152 /* AFXMLRequestOperation.m */ = {isa = PBXFileReference; fileEncoding = 4; lastKnownFileType = sourcecode.c.objc; path = AFXMLRequestOperation.m; sourceTree = "<group>"; };
		93D9F6B214D48B1400AD2152 /* UIImageView+AFNetworking.h */ = {isa = PBXFileReference; fileEncoding = 4; lastKnownFileType = sourcecode.c.h; path = "UIImageView+AFNetworking.h"; sourceTree = "<group>"; };
		93D9F6B314D48B1400AD2152 /* UIImageView+AFNetworking.m */ = {isa = PBXFileReference; fileEncoding = 4; lastKnownFileType = sourcecode.c.objc; path = "UIImageView+AFNetworking.m"; sourceTree = "<group>"; };
		93D9F6BF14D4904B00AD2152 /* DZCLabStatusApiClient.h */ = {isa = PBXFileReference; fileEncoding = 4; lastKnownFileType = sourcecode.c.h; path = DZCLabStatusApiClient.h; sourceTree = "<group>"; };
		93D9F6C014D4904B00AD2152 /* DZCLabStatusApiClient.m */ = {isa = PBXFileReference; fileEncoding = 4; lastKnownFileType = sourcecode.c.objc; path = DZCLabStatusApiClient.m; sourceTree = "<group>"; };
		93D9F6C214D5081F00AD2152 /* DZCHostInfoApiClient.h */ = {isa = PBXFileReference; fileEncoding = 4; lastKnownFileType = sourcecode.c.h; path = DZCHostInfoApiClient.h; sourceTree = "<group>"; };
		93D9F6C314D5081F00AD2152 /* DZCHostInfoApiClient.m */ = {isa = PBXFileReference; fileEncoding = 4; lastKnownFileType = sourcecode.c.objc; path = DZCHostInfoApiClient.m; sourceTree = "<group>"; };
		93E80C5614D78812008850FE /* DZCLabStatusHelper.h */ = {isa = PBXFileReference; fileEncoding = 4; lastKnownFileType = sourcecode.c.h; path = DZCLabStatusHelper.h; sourceTree = "<group>"; };
		93E80C5714D78812008850FE /* DZCLabStatusHelper.m */ = {isa = PBXFileReference; fileEncoding = 4; lastKnownFileType = sourcecode.c.objc; path = DZCLabStatusHelper.m; sourceTree = "<group>"; };
		93E80C5914D797F5008850FE /* DZCAboutViewController.h */ = {isa = PBXFileReference; fileEncoding = 4; lastKnownFileType = sourcecode.c.h; path = DZCAboutViewController.h; sourceTree = "<group>"; };
		93E80C5A14D797F5008850FE /* DZCAboutViewController.m */ = {isa = PBXFileReference; fileEncoding = 4; lastKnownFileType = sourcecode.c.objc; path = DZCAboutViewController.m; sourceTree = "<group>"; };
		93E80C5B14D797F5008850FE /* DZCAboutViewController.xib */ = {isa = PBXFileReference; fileEncoding = 4; lastKnownFileType = file.xib; path = DZCAboutViewController.xib; sourceTree = "<group>"; };
		93FDA8C014D9FE1A00787F8C /* 247-InfoCircle.png */ = {isa = PBXFileReference; lastKnownFileType = image.png; path = "247-InfoCircle.png"; sourceTree = "<group>"; };
		93FDA8C114D9FE1A00787F8C /* 247-InfoCircle@2x.png */ = {isa = PBXFileReference; lastKnownFileType = image.png; path = "247-InfoCircle@2x.png"; sourceTree = "<group>"; };
/* End PBXFileReference section */

/* Begin PBXFrameworksBuildPhase section */
		93D9F65C14D3997600AD2152 /* Frameworks */ = {
			isa = PBXFrameworksBuildPhase;
			buildActionMask = 2147483647;
			files = (
				9347849714F329D9009C5703 /* SystemConfiguration.framework in Frameworks */,
				9347849514F329CF009C5703 /* CFNetwork.framework in Frameworks */,
				93BBAB7314E84A1700B19049 /* QuartzCore.framework in Frameworks */,
				93D9F66414D3997600AD2152 /* UIKit.framework in Frameworks */,
				93D9F66614D3997600AD2152 /* Foundation.framework in Frameworks */,
				93D9F66814D3997600AD2152 /* CoreGraphics.framework in Frameworks */,
			);
			runOnlyForDeploymentPostprocessing = 0;
		};
/* End PBXFrameworksBuildPhase section */

/* Begin PBXGroup section */
		93D9F65414D3997600AD2152 = {
			isa = PBXGroup;
			children = (
				9347849614F329D8009C5703 /* SystemConfiguration.framework */,
				9347849414F329CF009C5703 /* CFNetwork.framework */,
				9347848914F32624009C5703 /* Icon-72.png */,
				9347848A14F32624009C5703 /* Icon-Small-50.png */,
				9347848B14F32624009C5703 /* Icon-Small.png */,
				9347848C14F32624009C5703 /* Icon-Small@2x.png */,
				93BBAB8614E8647000B19049 /* Icon@2x.png */,
				93BBAB8414E8646800B19049 /* Icon.png */,
				93D9F66914D3997600AD2152 /* CAENLabStatus */,
				93D9F66214D3997600AD2152 /* Frameworks */,
				93D9F66014D3997600AD2152 /* Products */,
				93FDA8BF14D9FE1A00787F8C /* Resources */,
			);
			sourceTree = "<group>";
		};
		93D9F66014D3997600AD2152 /* Products */ = {
			isa = PBXGroup;
			children = (
				93D9F65F14D3997600AD2152 /* CAENLabStatus.app */,
			);
			name = Products;
			sourceTree = "<group>";
		};
		93D9F66214D3997600AD2152 /* Frameworks */ = {
			isa = PBXGroup;
			children = (
				93BBAB7214E84A1700B19049 /* QuartzCore.framework */,
				93D9F66314D3997600AD2152 /* UIKit.framework */,
				93D9F66514D3997600AD2152 /* Foundation.framework */,
				93D9F66714D3997600AD2152 /* CoreGraphics.framework */,
			);
			name = Frameworks;
			sourceTree = "<group>";
		};
		93D9F66914D3997600AD2152 /* CAENLabStatus */ = {
			isa = PBXGroup;
			children = (
				9347849114F32953009C5703 /* Appirater.h */,
				9347849214F32953009C5703 /* Appirater.m */,
				93D9F67214D3997600AD2152 /* DZCAppDelegate.h */,
				93D9F67314D3997600AD2152 /* DZCAppDelegate.m */,
				93D9F66A14D3997600AD2152 /* Supporting Files */,
				93D9F69D14D483E700AD2152 /* Data */,
				93D9F6BE14D48B1E00AD2152 /* Vendor */,
				93FDA8B514D7455200787F8C /* Views */,
				93D9F68814D39C2B00AD2152 /* View Controllers */,
			);
			path = CAENLabStatus;
			sourceTree = "<group>";
		};
		93D9F66A14D3997600AD2152 /* Supporting Files */ = {
			isa = PBXGroup;
			children = (
				93D9F66B14D3997600AD2152 /* CAENLabStatus-Info.plist */,
				93D9F66C14D3997600AD2152 /* InfoPlist.strings */,
				93D9F66F14D3997600AD2152 /* main.m */,
				93D9F67114D3997600AD2152 /* CAENLabStatus-Prefix.pch */,
			);
			name = "Supporting Files";
			sourceTree = "<group>";
		};
		93D9F68814D39C2B00AD2152 /* View Controllers */ = {
			isa = PBXGroup;
			children = (
				93BBAB6F14E8493200B19049 /* PullRefreshTableViewController.h */,
				93BBAB7014E8493300B19049 /* PullRefreshTableViewController.m */,
				93E80C5914D797F5008850FE /* DZCAboutViewController.h */,
				93E80C5A14D797F5008850FE /* DZCAboutViewController.m */,
				93D9F68514D39C2500AD2152 /* DZCLabsViewController.h */,
				93D9F68614D39C2500AD2152 /* DZCLabsViewController.m */,
				93BBAB6914E83AC000B19049 /* DZCSubLabsViewController.h */,
				93BBAB6A14E83AC000B19049 /* DZCSubLabsViewController.m */,
			);
			name = "View Controllers";
			sourceTree = "<group>";
		};
		93D9F69D14D483E700AD2152 /* Data */ = {
			isa = PBXGroup;
			children = (
				93FDA8B214D7451700787F8C /* API */,
				93FDA8B414D7452B00787F8C /* Models */,
				93D9F69714D4827700AD2152 /* DZCDataController.h */,
				93D9F69814D4827700AD2152 /* DZCDataController.m */,
				93E80C5614D78812008850FE /* DZCLabStatusHelper.h */,
				93E80C5714D78812008850FE /* DZCLabStatusHelper.m */,
			);
			name = Data;
			sourceTree = "<group>";
		};
		93D9F69E14D48B1400AD2152 /* AFNetworking */ = {
			isa = PBXGroup;
			children = (
				93D9F69F14D48B1400AD2152 /* AFHTTPClient.h */,
				93D9F6A014D48B1400AD2152 /* AFHTTPClient.m */,
				93D9F6A114D48B1400AD2152 /* AFHTTPRequestOperation.h */,
				93D9F6A214D48B1400AD2152 /* AFHTTPRequestOperation.m */,
				93D9F6A314D48B1400AD2152 /* AFImageRequestOperation.h */,
				93D9F6A414D48B1400AD2152 /* AFImageRequestOperation.m */,
				93D9F6A514D48B1400AD2152 /* AFJSONRequestOperation.h */,
				93D9F6A614D48B1400AD2152 /* AFJSONRequestOperation.m */,
				93D9F6A714D48B1400AD2152 /* AFJSONUtilities.h */,
				93D9F6A814D48B1400AD2152 /* AFJSONUtilities.m */,
				93D9F6A914D48B1400AD2152 /* AFNetworkActivityIndicatorManager.h */,
				93D9F6AA14D48B1400AD2152 /* AFNetworkActivityIndicatorManager.m */,
				93D9F6AB14D48B1400AD2152 /* AFNetworking.h */,
				93D9F6AC14D48B1400AD2152 /* AFPropertyListRequestOperation.h */,
				93D9F6AD14D48B1400AD2152 /* AFPropertyListRequestOperation.m */,
				93D9F6AE14D48B1400AD2152 /* AFURLConnectionOperation.h */,
				93D9F6AF14D48B1400AD2152 /* AFURLConnectionOperation.m */,
				93D9F6B014D48B1400AD2152 /* AFXMLRequestOperation.h */,
				93D9F6B114D48B1400AD2152 /* AFXMLRequestOperation.m */,
				93D9F6B214D48B1400AD2152 /* UIImageView+AFNetworking.h */,
				93D9F6B314D48B1400AD2152 /* UIImageView+AFNetworking.m */,
			);
			path = AFNetworking;
			sourceTree = "<group>";
		};
		93D9F6BE14D48B1E00AD2152 /* Vendor */ = {
			isa = PBXGroup;
			children = (
				93D9F69E14D48B1400AD2152 /* AFNetworking */,
			);
			name = Vendor;
			sourceTree = "<group>";
		};
		93FDA8B214D7451700787F8C /* API */ = {
			isa = PBXGroup;
			children = (
				93D9F6C214D5081F00AD2152 /* DZCHostInfoApiClient.h */,
				93D9F6C314D5081F00AD2152 /* DZCHostInfoApiClient.m */,
				93D9F6BF14D4904B00AD2152 /* DZCLabStatusApiClient.h */,
				93D9F6C014D4904B00AD2152 /* DZCLabStatusApiClient.m */,
			);
			name = API;
			sourceTree = "<group>";
		};
		93FDA8B414D7452B00787F8C /* Models */ = {
			isa = PBXGroup;
			children = (
				93D9F69A14D483E400AD2152 /* DZCLab.h */,
				93D9F69B14D483E400AD2152 /* DZCLab.m */,
			);
			name = Models;
			sourceTree = "<group>";
		};
		93FDA8B514D7455200787F8C /* Views */ = {
			isa = PBXGroup;
			children = (
				93E80C5B14D797F5008850FE /* DZCAboutViewController.xib */,
				93D9F68F14D3DE8900AD2152 /* DZCTableViewCellOpenLab.h */,
				93D9F69014D3DEAA00AD2152 /* DZCTableViewCellOpenLab.m */,
				93D9F68D14D3D5DA00AD2152 /* DZCTableViewCellOpenLab.xib */,
				93D9F69414D3E16500AD2152 /* DZCTableViewCellClosedLab.h */,
				93D9F69514D3E16500AD2152 /* DZCTableViewCellClosedLab.m */,
				93D9F69214D3E14D00AD2152 /* DZCTableViewCellClosedLab.xib */,
			);
			name = Views;
			sourceTree = "<group>";
		};
		93FDA8BF14D9FE1A00787F8C /* Resources */ = {
			isa = PBXGroup;
			children = (
				9347848614F32168009C5703 /* m_student_made_refresh.png */,
				93FDA8C014D9FE1A00787F8C /* 247-InfoCircle.png */,
				93FDA8C114D9FE1A00787F8C /* 247-InfoCircle@2x.png */,
			);
			name = Resources;
			path = CAENLabStatus/Resources;
			sourceTree = "<group>";
		};
/* End PBXGroup section */

/* Begin PBXNativeTarget section */
		93D9F65E14D3997600AD2152 /* CAENLabStatus */ = {
			isa = PBXNativeTarget;
			buildConfigurationList = 93D9F68014D3997600AD2152 /* Build configuration list for PBXNativeTarget "CAENLabStatus" */;
			buildPhases = (
				93D9F65B14D3997600AD2152 /* Sources */,
				93D9F65C14D3997600AD2152 /* Frameworks */,
				93D9F65D14D3997600AD2152 /* Resources */,
			);
			buildRules = (
			);
			dependencies = (
			);
			name = CAENLabStatus;
			productName = CAENLabStatus;
			productReference = 93D9F65F14D3997600AD2152 /* CAENLabStatus.app */;
			productType = "com.apple.product-type.application";
		};
/* End PBXNativeTarget section */

/* Begin PBXProject section */
		93D9F65614D3997600AD2152 /* Project object */ = {
			isa = PBXProject;
			attributes = {
				LastUpgradeCheck = 0420;
			};
			buildConfigurationList = 93D9F65914D3997600AD2152 /* Build configuration list for PBXProject "CAENLabStatus" */;
			compatibilityVersion = "Xcode 3.2";
			developmentRegion = English;
			hasScannedForEncodings = 0;
			knownRegions = (
				en,
			);
			mainGroup = 93D9F65414D3997600AD2152;
			productRefGroup = 93D9F66014D3997600AD2152 /* Products */;
			projectDirPath = "";
			projectRoot = "";
			targets = (
				93D9F65E14D3997600AD2152 /* CAENLabStatus */,
			);
		};
/* End PBXProject section */

/* Begin PBXResourcesBuildPhase section */
		93D9F65D14D3997600AD2152 /* Resources */ = {
			isa = PBXResourcesBuildPhase;
			buildActionMask = 2147483647;
			files = (
				93D9F66E14D3997600AD2152 /* InfoPlist.strings in Resources */,
				93D9F68E14D3D5DA00AD2152 /* DZCTableViewCellOpenLab.xib in Resources */,
				93D9F69314D3E14D00AD2152 /* DZCTableViewCellClosedLab.xib in Resources */,
				93E80C5D14D797F5008850FE /* DZCAboutViewController.xib in Resources */,
				93FDA8C214D9FE1A00787F8C /* 247-InfoCircle.png in Resources */,
				93FDA8C314D9FE1A00787F8C /* 247-InfoCircle@2x.png in Resources */,
				93BBAB8514E8646800B19049 /* Icon.png in Resources */,
				93BBAB8714E8647000B19049 /* Icon@2x.png in Resources */,
				9347848714F32168009C5703 /* m_student_made_refresh.png in Resources */,
				9347848D14F32624009C5703 /* Icon-72.png in Resources */,
				9347848E14F32624009C5703 /* Icon-Small-50.png in Resources */,
				9347848F14F32624009C5703 /* Icon-Small.png in Resources */,
				9347849014F32624009C5703 /* Icon-Small@2x.png in Resources */,
			);
			runOnlyForDeploymentPostprocessing = 0;
		};
/* End PBXResourcesBuildPhase section */

/* Begin PBXSourcesBuildPhase section */
		93D9F65B14D3997600AD2152 /* Sources */ = {
			isa = PBXSourcesBuildPhase;
			buildActionMask = 2147483647;
			files = (
				93D9F67014D3997600AD2152 /* main.m in Sources */,
				93D9F67414D3997600AD2152 /* DZCAppDelegate.m in Sources */,
				93D9F68714D39C2500AD2152 /* DZCLabsViewController.m in Sources */,
				93D9F69114D3DEAA00AD2152 /* DZCTableViewCellOpenLab.m in Sources */,
				93D9F69614D3E16500AD2152 /* DZCTableViewCellClosedLab.m in Sources */,
				93D9F69914D4827700AD2152 /* DZCDataController.m in Sources */,
				93D9F69C14D483E400AD2152 /* DZCLab.m in Sources */,
				93D9F6B414D48B1400AD2152 /* AFHTTPClient.m in Sources */,
				93D9F6B514D48B1400AD2152 /* AFHTTPRequestOperation.m in Sources */,
				93D9F6B614D48B1400AD2152 /* AFImageRequestOperation.m in Sources */,
				93D9F6B714D48B1400AD2152 /* AFJSONRequestOperation.m in Sources */,
				93D9F6B814D48B1400AD2152 /* AFJSONUtilities.m in Sources */,
				93D9F6B914D48B1400AD2152 /* AFNetworkActivityIndicatorManager.m in Sources */,
				93D9F6BA14D48B1400AD2152 /* AFPropertyListRequestOperation.m in Sources */,
				93D9F6BB14D48B1400AD2152 /* AFURLConnectionOperation.m in Sources */,
				93D9F6BC14D48B1400AD2152 /* AFXMLRequestOperation.m in Sources */,
				93D9F6BD14D48B1400AD2152 /* UIImageView+AFNetworking.m in Sources */,
				93D9F6C114D4904B00AD2152 /* DZCLabStatusApiClient.m in Sources */,
				93D9F6C414D5081F00AD2152 /* DZCHostInfoApiClient.m in Sources */,
				93E80C5814D78812008850FE /* DZCLabStatusHelper.m in Sources */,
				93E80C5C14D797F5008850FE /* DZCAboutViewController.m in Sources */,
				93BBAB6B14E83AC000B19049 /* DZCSubLabsViewController.m in Sources */,
				93BBAB7114E8493300B19049 /* PullRefreshTableViewController.m in Sources */,
				9347849314F32953009C5703 /* Appirater.m in Sources */,
			);
			runOnlyForDeploymentPostprocessing = 0;
		};
/* End PBXSourcesBuildPhase section */

/* Begin PBXVariantGroup section */
		93D9F66C14D3997600AD2152 /* InfoPlist.strings */ = {
			isa = PBXVariantGroup;
			children = (
				93D9F66D14D3997600AD2152 /* en */,
			);
			name = InfoPlist.strings;
			sourceTree = "<group>";
		};
/* End PBXVariantGroup section */

/* Begin XCBuildConfiguration section */
		93D9F67E14D3997600AD2152 /* Debug */ = {
			isa = XCBuildConfiguration;
			buildSettings = {
				ALWAYS_SEARCH_USER_PATHS = NO;
				ARCHS = "$(ARCHS_STANDARD_32_BIT)";
				CLANG_ENABLE_OBJC_ARC = YES;
				"CODE_SIGN_IDENTITY[sdk=iphoneos*]" = "iPhone Developer";
				COPY_PHASE_STRIP = NO;
				GCC_C_LANGUAGE_STANDARD = gnu99;
				GCC_DYNAMIC_NO_PIC = NO;
				GCC_OPTIMIZATION_LEVEL = 0;
				GCC_PREPROCESSOR_DEFINITIONS = (
					"DEBUG=1",
					"$(inherited)",
				);
				GCC_SYMBOLS_PRIVATE_EXTERN = NO;
				GCC_VERSION = com.apple.compilers.llvm.clang.1_0;
				GCC_WARN_ABOUT_MISSING_PROTOTYPES = YES;
				GCC_WARN_ABOUT_RETURN_TYPE = YES;
				GCC_WARN_UNUSED_VARIABLE = YES;
				IPHONEOS_DEPLOYMENT_TARGET = 5.0;
				SDKROOT = iphoneos;
				TARGETED_DEVICE_FAMILY = 1;
			};
			name = Debug;
		};
		93D9F67F14D3997600AD2152 /* Release */ = {
			isa = XCBuildConfiguration;
			buildSettings = {
				ALWAYS_SEARCH_USER_PATHS = NO;
				ARCHS = "$(ARCHS_STANDARD_32_BIT)";
				CLANG_ENABLE_OBJC_ARC = YES;
				CODE_SIGN_IDENTITY = "iPhone Distribution: Christopher Dzombak";
				"CODE_SIGN_IDENTITY[sdk=iphoneos*]" = "iPhone Distribution: Christopher Dzombak";
				COPY_PHASE_STRIP = YES;
				GCC_C_LANGUAGE_STANDARD = gnu99;
				GCC_VERSION = com.apple.compilers.llvm.clang.1_0;
				GCC_WARN_ABOUT_MISSING_PROTOTYPES = YES;
				GCC_WARN_ABOUT_RETURN_TYPE = YES;
				GCC_WARN_UNUSED_VARIABLE = YES;
				IPHONEOS_DEPLOYMENT_TARGET = 5.0;
				OTHER_CFLAGS = "-DNS_BLOCK_ASSERTIONS=1";
				PROVISIONING_PROFILE = "984E5020-6570-45E0-9299-F845964E3010";
				"PROVISIONING_PROFILE[sdk=iphoneos*]" = "984E5020-6570-45E0-9299-F845964E3010";
				SDKROOT = iphoneos;
				TARGETED_DEVICE_FAMILY = 1;
				VALIDATE_PRODUCT = YES;
			};
			name = Release;
		};
		93D9F68114D3997600AD2152 /* Debug */ = {
			isa = XCBuildConfiguration;
			buildSettings = {
				GCC_PRECOMPILE_PREFIX_HEADER = YES;
				GCC_PREFIX_HEADER = "CAENLabStatus/CAENLabStatus-Prefix.pch";
				INFOPLIST_FILE = "CAENLabStatus/CAENLabStatus-Info.plist";
				PRODUCT_NAME = "$(TARGET_NAME)";
				TARGETED_DEVICE_FAMILY = 1;
				WRAPPER_EXTENSION = app;
			};
			name = Debug;
		};
		93D9F68214D3997600AD2152 /* Release */ = {
			isa = XCBuildConfiguration;
			buildSettings = {
				GCC_PRECOMPILE_PREFIX_HEADER = YES;
				GCC_PREFIX_HEADER = "CAENLabStatus/CAENLabStatus-Prefix.pch";
				INFOPLIST_FILE = "CAENLabStatus/CAENLabStatus-Info.plist";
				PRODUCT_NAME = "$(TARGET_NAME)";
				TARGETED_DEVICE_FAMILY = 1;
				WRAPPER_EXTENSION = app;
			};
			name = Release;
		};
/* End XCBuildConfiguration section */

/* Begin XCConfigurationList section */
		93D9F65914D3997600AD2152 /* Build configuration list for PBXProject "CAENLabStatus" */ = {
			isa = XCConfigurationList;
			buildConfigurations = (
				93D9F67E14D3997600AD2152 /* Debug */,
				93D9F67F14D3997600AD2152 /* Release */,
			);
			defaultConfigurationIsVisible = 0;
			defaultConfigurationName = Release;
		};
		93D9F68014D3997600AD2152 /* Build configuration list for PBXNativeTarget "CAENLabStatus" */ = {
			isa = XCConfigurationList;
			buildConfigurations = (
				93D9F68114D3997600AD2152 /* Debug */,
				93D9F68214D3997600AD2152 /* Release */,
			);
			defaultConfigurationIsVisible = 0;
			defaultConfigurationName = Release;
		};
/* End XCConfigurationList section */
	};
	rootObject = 93D9F65614D3997600AD2152 /* Project object */;
}
